
Microsoft Visual Studio Solution File, Format Version 12.00
# Visual Studio Version 17
VisualStudioVersion = 17.4.33122.133
MinimumVisualStudioVersion = 10.0.40219.1
Project("{9A19103F-16F7-4668-BE54-9A1E7A4F7556}") = "ReservationProject", "ReservationProject\ReservationProject.csproj", "{2CCCA2C5-060E-4C8A-8264-322CC3AB36EF}"
EndProject
Project("{9A19103F-16F7-4668-BE54-9A1E7A4F7556}") = "EntityLayer", "EntityLayer\EntityLayer.csproj", "{1D7D1935-09B0-44B9-A16C-0B6CE0FA8D0C}"
EndProject
Project("{9A19103F-16F7-4668-BE54-9A1E7A4F7556}") = "DataAccessLayer", "DataAccessLayer\DataAccessLayer.csproj", "{AC08E037-1B30-4329-99E9-404E64C4867D}"
EndProject
Project("{9A19103F-16F7-4668-BE54-9A1E7A4F7556}") = "BusinessLayer", "BusinessLayer\BusinessLayer.csproj", "{666042EC-572B-464B-827E-0AA73ACDC680}"
EndProject
Project("{9A19103F-16F7-4668-BE54-9A1E7A4F7556}") = "DTOLayer", "DTOLayer\DTOLayer.csproj", "{F717F521-C775-4860-83E1-9CC246DCBB2A}"
EndProject
Project("{9A19103F-16F7-4668-BE54-9A1E7A4F7556}") = "TraversalApiProject", "TraversalApiProject\TraversalApiProject.csproj", "{FED5C94F-EC20-4B72-B73B-3190B8E183C6}"
EndProject
Project("{FAE04EC0-301F-11D3-BF4B-00C04F79EFBC}") = "SignalRApi", "SignalRApi\SignalRApi.csproj", "{E58A8C5F-24B4-42EB-B6E8-E6003436330C}"
EndProject
Global
	GlobalSection(SolutionConfigurationPlatforms) = preSolution
		Debug|Any CPU = Debug|Any CPU
		Release|Any CPU = Release|Any CPU
	EndGlobalSection
	GlobalSection(ProjectConfigurationPlatforms) = postSolution
		{2CCCA2C5-060E-4C8A-8264-322CC3AB36EF}.Debug|Any CPU.ActiveCfg = Debug|Any CPU
		{2CCCA2C5-060E-4C8A-8264-322CC3AB36EF}.Debug|Any CPU.Build.0 = Debug|Any CPU
		{2CCCA2C5-060E-4C8A-8264-322CC3AB36EF}.Release|Any CPU.ActiveCfg = Release|Any CPU
		{2CCCA2C5-060E-4C8A-8264-322CC3AB36EF}.Release|Any CPU.Build.0 = Release|Any CPU
		{1D7D1935-09B0-44B9-A16C-0B6CE0FA8D0C}.Debug|Any CPU.ActiveCfg = Debug|Any CPU
		{1D7D1935-09B0-44B9-A16C-0B6CE0FA8D0C}.Debug|Any CPU.Build.0 = Debug|Any CPU
		{1D7D1935-09B0-44B9-A16C-0B6CE0FA8D0C}.Release|Any CPU.ActiveCfg = Release|Any CPU
		{1D7D1935-09B0-44B9-A16C-0B6CE0FA8D0C}.Release|Any CPU.Build.0 = Release|Any CPU
		{AC08E037-1B30-4329-99E9-404E64C4867D}.Debug|Any CPU.ActiveCfg = Debug|Any CPU
		{AC08E037-1B30-4329-99E9-404E64C4867D}.Debug|Any CPU.Build.0 = Debug|Any CPU
		{AC08E037-1B30-4329-99E9-404E64C4867D}.Release|Any CPU.ActiveCfg = Release|Any CPU
		{AC08E037-1B30-4329-99E9-404E64C4867D}.Release|Any CPU.Build.0 = Release|Any CPU
		{666042EC-572B-464B-827E-0AA73ACDC680}.Debug|Any CPU.ActiveCfg = Debug|Any CPU
		{666042EC-572B-464B-827E-0AA73ACDC680}.Debug|Any CPU.Build.0 = Debug|Any CPU
		{666042EC-572B-464B-827E-0AA73ACDC680}.Release|Any CPU.ActiveCfg = Release|Any CPU
		{666042EC-572B-464B-827E-0AA73ACDC680}.Release|Any CPU.Build.0 = Release|Any CPU
		{F717F521-C775-4860-83E1-9CC246DCBB2A}.Debug|Any CPU.ActiveCfg = Debug|Any CPU
		{F717F521-C775-4860-83E1-9CC246DCBB2A}.Debug|Any CPU.Build.0 = Debug|Any CPU
		{F717F521-C775-4860-83E1-9CC246DCBB2A}.Release|Any CPU.ActiveCfg = Release|Any CPU
		{F717F521-C775-4860-83E1-9CC246DCBB2A}.Release|Any CPU.Build.0 = Release|Any CPU
		{FED5C94F-EC20-4B72-B73B-3190B8E183C6}.Debug|Any CPU.ActiveCfg = Debug|Any CPU
		{FED5C94F-EC20-4B72-B73B-3190B8E183C6}.Debug|Any CPU.Build.0 = Debug|Any CPU
		{FED5C94F-EC20-4B72-B73B-3190B8E183C6}.Release|Any CPU.ActiveCfg = Release|Any CPU
		{FED5C94F-EC20-4B72-B73B-3190B8E183C6}.Release|Any CPU.Build.0 = Release|Any CPU
		{E58A8C5F-24B4-42EB-B6E8-E6003436330C}.Debug|Any CPU.ActiveCfg = Debug|Any CPU
		{E58A8C5F-24B4-42EB-B6E8-E6003436330C}.Debug|Any CPU.Build.0 = Debug|Any CPU
		{E58A8C5F-24B4-42EB-B6E8-E6003436330C}.Release|Any CPU.ActiveCfg = Release|Any CPU
		{E58A8C5F-24B4-42EB-B6E8-E6003436330C}.Release|Any CPU.Build.0 = Release|Any CPU
	EndGlobalSection
	GlobalSection(SolutionProperties) = preSolution
		HideSolutionNode = FALSE
	EndGlobalSection
	GlobalSection(ExtensibilityGlobals) = postSolution
		SolutionGuid = {3EA3148C-29B9-42A7-9B9A-5CD278357A16}
	EndGlobalSection
EndGlobal
